
Microsoft Visual Studio Solution File, Format Version 12.00
# Visual Studio 2012
Project("{FAE04EC0-301F-11D3-BF4B-00C04F79EFBC}") = "Domain", "Domain\Domain.csproj", "{3770CE12-4D75-48EC-BC2C-3C35578269C2}"
EndProject
Project("{FAE04EC0-301F-11D3-BF4B-00C04F79EFBC}") = "DataLayer", "DataLayer\DataLayer.csproj", "{6DD63253-6A3E-4F3B-AF1F-5062DC86015C}"
EndProject
Project("{FAE04EC0-301F-11D3-BF4B-00C04F79EFBC}") = "PresentationLayer", "PresentationLayer\PresentationLayer.csproj", "{C9792D79-5B5A-48EA-A1F3-4C50D670B9EB}"
EndProject
Project("{FAE04EC0-301F-11D3-BF4B-00C04F79EFBC}") = "PresentationLayer.Tests", "PresentationLayer.Tests\PresentationLayer.Tests.csproj", "{28318127-2E44-4378-948E-F68DEE95406E}"
EndProject
Project("{FAE04EC0-301F-11D3-BF4B-00C04F79EFBC}") = "Infrastructure", "Infrastructure\Infrastructure.csproj", "{1A0D6C83-E674-4709-AB41-8AB0ED468CBE}"
EndProject
Global
	GlobalSection(SolutionConfigurationPlatforms) = preSolution
		Debug|Any CPU = Debug|Any CPU
		Release|Any CPU = Release|Any CPU
	EndGlobalSection
	GlobalSection(ProjectConfigurationPlatforms) = postSolution
		{3770CE12-4D75-48EC-BC2C-3C35578269C2}.Debug|Any CPU.ActiveCfg = Debug|Any CPU
		{3770CE12-4D75-48EC-BC2C-3C35578269C2}.Debug|Any CPU.Build.0 = Debug|Any CPU
		{3770CE12-4D75-48EC-BC2C-3C35578269C2}.Release|Any CPU.ActiveCfg = Release|Any CPU
		{3770CE12-4D75-48EC-BC2C-3C35578269C2}.Release|Any CPU.Build.0 = Release|Any CPU
		{6DD63253-6A3E-4F3B-AF1F-5062DC86015C}.Debug|Any CPU.ActiveCfg = Debug|Any CPU
		{6DD63253-6A3E-4F3B-AF1F-5062DC86015C}.Debug|Any CPU.Build.0 = Debug|Any CPU
		{6DD63253-6A3E-4F3B-AF1F-5062DC86015C}.Release|Any CPU.ActiveCfg = Release|Any CPU
		{6DD63253-6A3E-4F3B-AF1F-5062DC86015C}.Release|Any CPU.Build.0 = Release|Any CPU
		{C9792D79-5B5A-48EA-A1F3-4C50D670B9EB}.Debug|Any CPU.ActiveCfg = Debug|Any CPU
		{C9792D79-5B5A-48EA-A1F3-4C50D670B9EB}.Debug|Any CPU.Build.0 = Debug|Any CPU
		{C9792D79-5B5A-48EA-A1F3-4C50D670B9EB}.Release|Any CPU.ActiveCfg = Release|Any CPU
		{C9792D79-5B5A-48EA-A1F3-4C50D670B9EB}.Release|Any CPU.Build.0 = Release|Any CPU
		{28318127-2E44-4378-948E-F68DEE95406E}.Debug|Any CPU.ActiveCfg = Debug|Any CPU
		{28318127-2E44-4378-948E-F68DEE95406E}.Debug|Any CPU.Build.0 = Debug|Any CPU
		{28318127-2E44-4378-948E-F68DEE95406E}.Release|Any CPU.ActiveCfg = Release|Any CPU
		{28318127-2E44-4378-948E-F68DEE95406E}.Release|Any CPU.Build.0 = Release|Any CPU
		{1A0D6C83-E674-4709-AB41-8AB0ED468CBE}.Debug|Any CPU.ActiveCfg = Debug|Any CPU
		{1A0D6C83-E674-4709-AB41-8AB0ED468CBE}.Debug|Any CPU.Build.0 = Debug|Any CPU
		{1A0D6C83-E674-4709-AB41-8AB0ED468CBE}.Release|Any CPU.ActiveCfg = Release|Any CPU
		{1A0D6C83-E674-4709-AB41-8AB0ED468CBE}.Release|Any CPU.Build.0 = Release|Any CPU
	EndGlobalSection
	GlobalSection(SolutionProperties) = preSolution
		HideSolutionNode = FALSE
	EndGlobalSection
EndGlobal
