
Microsoft Visual Studio Solution File, Format Version 10.00
# Visual Studio 2008
Project("{8BC9CEB8-8B4A-11D0-8D11-00A0C91BC942}") = "AfterEight", "AfterEight\AfterEight.vcproj", "{1364401E-D2DE-4B98-8FF6-715C14532E28}"
EndProject
Global
	GlobalSection(SolutionConfigurationPlatforms) = preSolution
		Debug|Win32 = Debug|Win32
		Release|Win32 = Release|Win32
	EndGlobalSection
	GlobalSection(ProjectConfigurationPlatforms) = postSolution
		{1364401E-D2DE-4B98-8FF6-715C14532E28}.Debug|Win32.ActiveCfg = Debug|Win32
		{1364401E-D2DE-4B98-8FF6-715C14532E28}.Debug|Win32.Build.0 = Debug|Win32
		{1364401E-D2DE-4B98-8FF6-715C14532E28}.Release|Win32.ActiveCfg = Release|Win32
		{1364401E-D2DE-4B98-8FF6-715C14532E28}.Release|Win32.Build.0 = Release|Win32
	EndGlobalSection
	GlobalSection(SolutionProperties) = preSolution
		HideSolutionNode = FALSE
	EndGlobalSection
EndGlobal
